// !$*UTF8*$!
{
	archiveVersion = 1;
	classes = {
	};
	objectVersion = 56;
	objects = {

/* Begin PBXBuildFile section */
		186593B829B348C900B21153 /* PopAnimator.swift in Sources */ = {isa = PBXBuildFile; fileRef = 186593B729B348C900B21153 /* PopAnimator.swift */; };
		186593BC29B34B8400B21153 /* ImageDetailViewController.swift in Sources */ = {isa = PBXBuildFile; fileRef = 186593BA29B34B8400B21153 /* ImageDetailViewController.swift */; };
		186593BD29B34B8400B21153 /* ImageDetailViewController.xib in Resources */ = {isa = PBXBuildFile; fileRef = 186593BB29B34B8400B21153 /* ImageDetailViewController.xib */; };
		186593C029B34C0900B21153 /* ImageDetailVM.swift in Sources */ = {isa = PBXBuildFile; fileRef = 186593BF29B34C0900B21153 /* ImageDetailVM.swift */; };
		186593C329B352C900B21153 /* ImageTblDependencyContainer.swift in Sources */ = {isa = PBXBuildFile; fileRef = 186593C229B352C900B21153 /* ImageTblDependencyContainer.swift */; };
		186593C629B354AA00B21153 /* ImageDetailDependencyContainer.swift in Sources */ = {isa = PBXBuildFile; fileRef = 186593C529B354AA00B21153 /* ImageDetailDependencyContainer.swift */; };
		186593C929B3575D00B21153 /* ImageDataEntity.swift in Sources */ = {isa = PBXBuildFile; fileRef = 186593C829B3575D00B21153 /* ImageDataEntity.swift */; };
		186593CC29B3577300B21153 /* Mapper.swift in Sources */ = {isa = PBXBuildFile; fileRef = 186593CB29B3577200B21153 /* Mapper.swift */; };
		186593CF29B357BD00B21153 /* ImageDataModel.swift in Sources */ = {isa = PBXBuildFile; fileRef = 186593CE29B357BD00B21153 /* ImageDataModel.swift */; };
		7334EAEE29B1D56C00163344 /* AppDelegate.swift in Sources */ = {isa = PBXBuildFile; fileRef = 7334EAED29B1D56C00163344 /* AppDelegate.swift */; };
		7334EAF029B1D56C00163344 /* SceneDelegate.swift in Sources */ = {isa = PBXBuildFile; fileRef = 7334EAEF29B1D56C00163344 /* SceneDelegate.swift */; };
		7334EAF529B1D56C00163344 /* Main.storyboard in Resources */ = {isa = PBXBuildFile; fileRef = 7334EAF329B1D56C00163344 /* Main.storyboard */; };
		7334EAF729B1D56C00163344 /* Assets.xcassets in Resources */ = {isa = PBXBuildFile; fileRef = 7334EAF629B1D56C00163344 /* Assets.xcassets */; };
		7334EAFA29B1D56C00163344 /* LaunchScreen.storyboard in Resources */ = {isa = PBXBuildFile; fileRef = 7334EAF829B1D56C00163344 /* LaunchScreen.storyboard */; };
		7334EB0529B1D56C00163344 /* DemoCleanArchiectureTests.swift in Sources */ = {isa = PBXBuildFile; fileRef = 7334EB0429B1D56C00163344 /* DemoCleanArchiectureTests.swift */; };
		7334EB0F29B1D56C00163344 /* DemoCleanArchiectureUITests.swift in Sources */ = {isa = PBXBuildFile; fileRef = 7334EB0E29B1D56C00163344 /* DemoCleanArchiectureUITests.swift */; };
		7334EB1129B1D56C00163344 /* DemoCleanArchiectureUITestsLaunchTests.swift in Sources */ = {isa = PBXBuildFile; fileRef = 7334EB1029B1D56C00163344 /* DemoCleanArchiectureUITestsLaunchTests.swift */; };
		7334EB2429B1D6D100163344 /* Photos.plist in Resources */ = {isa = PBXBuildFile; fileRef = 7334EB2329B1D6D100163344 /* Photos.plist */; };
		7334EB2729B1D70400163344 /* AsyncOperation.swift in Sources */ = {isa = PBXBuildFile; fileRef = 7334EB2629B1D70400163344 /* AsyncOperation.swift */; };
		7334EB2929B1DA1400163344 /* DownloadImageOperation.swift in Sources */ = {isa = PBXBuildFile; fileRef = 7334EB2829B1DA1400163344 /* DownloadImageOperation.swift */; };
		7334EB2C29B1DFE700163344 /* ImageRepositoryAbs.swift in Sources */ = {isa = PBXBuildFile; fileRef = 7334EB2B29B1DFE700163344 /* ImageRepositoryAbs.swift */; };
		7334EB2F29B1E00100163344 /* ImageRepository.swift in Sources */ = {isa = PBXBuildFile; fileRef = 7334EB2E29B1E00100163344 /* ImageRepository.swift */; };
		7334EB3229B1E8EF00163344 /* DownloadImageUseCase.swift in Sources */ = {isa = PBXBuildFile; fileRef = 7334EB3129B1E8EF00163344 /* DownloadImageUseCase.swift */; };
		7334EB3429B1E8FC00163344 /* UseCase.swift in Sources */ = {isa = PBXBuildFile; fileRef = 7334EB3329B1E8FC00163344 /* UseCase.swift */; };
		7334EB3A29B1ECBF00163344 /* DIContainer.swift in Sources */ = {isa = PBXBuildFile; fileRef = 7334EB3929B1ECBF00163344 /* DIContainer.swift */; };
		7334EB3C29B1EE3400163344 /* UseCaseProvider.swift in Sources */ = {isa = PBXBuildFile; fileRef = 7334EB3B29B1EE3400163344 /* UseCaseProvider.swift */; };
		7334EB3E29B1EEC300163344 /* UseCaseProviderAbs.swift in Sources */ = {isa = PBXBuildFile; fileRef = 7334EB3D29B1EEC300163344 /* UseCaseProviderAbs.swift */; };
		7334EB4229B1EFA200163344 /* RepositoryProvider.swift in Sources */ = {isa = PBXBuildFile; fileRef = 7334EB4129B1EFA200163344 /* RepositoryProvider.swift */; };
		7334EB4429B1EFB200163344 /* RepositoryProviderAbs.swift in Sources */ = {isa = PBXBuildFile; fileRef = 7334EB4329B1EFB200163344 /* RepositoryProviderAbs.swift */; };
		7334EB4829B1F2FA00163344 /* ImageTableViewController.swift in Sources */ = {isa = PBXBuildFile; fileRef = 7334EB4729B1F2FA00163344 /* ImageTableViewController.swift */; };
		7334EB4D29B1F33D00163344 /* ImageTableViewRootView.swift in Sources */ = {isa = PBXBuildFile; fileRef = 7334EB4C29B1F33D00163344 /* ImageTableViewRootView.swift */; };
		7349B83329B1F5A100401F41 /* ImageTableViewRootView.xib in Resources */ = {isa = PBXBuildFile; fileRef = 7349B83229B1F5A100401F41 /* ImageTableViewRootView.xib */; };
		73D18ACC29B1F7CD00E46BC5 /* ImageCell.swift in Sources */ = {isa = PBXBuildFile; fileRef = 73D18ACA29B1F7CD00E46BC5 /* ImageCell.swift */; };
		73D18ACD29B1F7CD00E46BC5 /* ImageCell.xib in Resources */ = {isa = PBXBuildFile; fileRef = 73D18ACB29B1F7CD00E46BC5 /* ImageCell.xib */; };
		73D18AD129B1F89900E46BC5 /* ImageTableVM.swift in Sources */ = {isa = PBXBuildFile; fileRef = 73D18AD029B1F89900E46BC5 /* ImageTableVM.swift */; };
		73D18AD329B1FA0B00E46BC5 /* DemoCleanArchitectureDepedencyContainer.swift in Sources */ = {isa = PBXBuildFile; fileRef = 73D18AD229B1FA0B00E46BC5 /* DemoCleanArchitectureDepedencyContainer.swift */; };
/* End PBXBuildFile section */

/* Begin PBXContainerItemProxy section */
		7334EB0129B1D56C00163344 /* PBXContainerItemProxy */ = {
			isa = PBXContainerItemProxy;
			containerPortal = 7334EAE229B1D56C00163344 /* Project object */;
			proxyType = 1;
			remoteGlobalIDString = 7334EAE929B1D56C00163344;
			remoteInfo = DemoCleanArchiecture;
		};
		7334EB0B29B1D56C00163344 /* PBXContainerItemProxy */ = {
			isa = PBXContainerItemProxy;
			containerPortal = 7334EAE229B1D56C00163344 /* Project object */;
			proxyType = 1;
			remoteGlobalIDString = 7334EAE929B1D56C00163344;
			remoteInfo = DemoCleanArchiecture;
		};
/* End PBXContainerItemProxy section */

/* Begin PBXFileReference section */
		186593B729B348C900B21153 /* PopAnimator.swift */ = {isa = PBXFileReference; lastKnownFileType = sourcecode.swift; path = PopAnimator.swift; sourceTree = "<group>"; };
		186593BA29B34B8400B21153 /* ImageDetailViewController.swift */ = {isa = PBXFileReference; lastKnownFileType = sourcecode.swift; path = ImageDetailViewController.swift; sourceTree = "<group>"; };
		186593BB29B34B8400B21153 /* ImageDetailViewController.xib */ = {isa = PBXFileReference; lastKnownFileType = file.xib; path = ImageDetailViewController.xib; sourceTree = "<group>"; };
		186593BF29B34C0900B21153 /* ImageDetailVM.swift */ = {isa = PBXFileReference; lastKnownFileType = sourcecode.swift; path = ImageDetailVM.swift; sourceTree = "<group>"; };
		186593C229B352C900B21153 /* ImageTblDependencyContainer.swift */ = {isa = PBXFileReference; lastKnownFileType = sourcecode.swift; path = ImageTblDependencyContainer.swift; sourceTree = "<group>"; };
		186593C529B354AA00B21153 /* ImageDetailDependencyContainer.swift */ = {isa = PBXFileReference; lastKnownFileType = sourcecode.swift; path = ImageDetailDependencyContainer.swift; sourceTree = "<group>"; };
		186593C829B3575D00B21153 /* ImageDataEntity.swift */ = {isa = PBXFileReference; lastKnownFileType = sourcecode.swift; path = ImageDataEntity.swift; sourceTree = "<group>"; };
		186593CB29B3577200B21153 /* Mapper.swift */ = {isa = PBXFileReference; lastKnownFileType = sourcecode.swift; path = Mapper.swift; sourceTree = "<group>"; };
		186593CE29B357BD00B21153 /* ImageDataModel.swift */ = {isa = PBXFileReference; lastKnownFileType = sourcecode.swift; path = ImageDataModel.swift; sourceTree = "<group>"; };
		7334EAEA29B1D56C00163344 /* DemoCleanArchiecture.app */ = {isa = PBXFileReference; explicitFileType = wrapper.application; includeInIndex = 0; path = DemoCleanArchiecture.app; sourceTree = BUILT_PRODUCTS_DIR; };
		7334EAED29B1D56C00163344 /* AppDelegate.swift */ = {isa = PBXFileReference; lastKnownFileType = sourcecode.swift; path = AppDelegate.swift; sourceTree = "<group>"; };
		7334EAEF29B1D56C00163344 /* SceneDelegate.swift */ = {isa = PBXFileReference; lastKnownFileType = sourcecode.swift; path = SceneDelegate.swift; sourceTree = "<group>"; };
		7334EAF429B1D56C00163344 /* Base */ = {isa = PBXFileReference; lastKnownFileType = file.storyboard; name = Base; path = Base.lproj/Main.storyboard; sourceTree = "<group>"; };
		7334EAF629B1D56C00163344 /* Assets.xcassets */ = {isa = PBXFileReference; lastKnownFileType = folder.assetcatalog; path = Assets.xcassets; sourceTree = "<group>"; };
		7334EAF929B1D56C00163344 /* Base */ = {isa = PBXFileReference; lastKnownFileType = file.storyboard; name = Base; path = Base.lproj/LaunchScreen.storyboard; sourceTree = "<group>"; };
		7334EAFB29B1D56C00163344 /* Info.plist */ = {isa = PBXFileReference; lastKnownFileType = text.plist.xml; path = Info.plist; sourceTree = "<group>"; };
		7334EB0029B1D56C00163344 /* DemoCleanArchiectureTests.xctest */ = {isa = PBXFileReference; explicitFileType = wrapper.cfbundle; includeInIndex = 0; path = DemoCleanArchiectureTests.xctest; sourceTree = BUILT_PRODUCTS_DIR; };
		7334EB0429B1D56C00163344 /* DemoCleanArchiectureTests.swift */ = {isa = PBXFileReference; lastKnownFileType = sourcecode.swift; path = DemoCleanArchiectureTests.swift; sourceTree = "<group>"; };
		7334EB0A29B1D56C00163344 /* DemoCleanArchiectureUITests.xctest */ = {isa = PBXFileReference; explicitFileType = wrapper.cfbundle; includeInIndex = 0; path = DemoCleanArchiectureUITests.xctest; sourceTree = BUILT_PRODUCTS_DIR; };
		7334EB0E29B1D56C00163344 /* DemoCleanArchiectureUITests.swift */ = {isa = PBXFileReference; lastKnownFileType = sourcecode.swift; path = DemoCleanArchiectureUITests.swift; sourceTree = "<group>"; };
		7334EB1029B1D56C00163344 /* DemoCleanArchiectureUITestsLaunchTests.swift */ = {isa = PBXFileReference; lastKnownFileType = sourcecode.swift; path = DemoCleanArchiectureUITestsLaunchTests.swift; sourceTree = "<group>"; };
		7334EB2329B1D6D100163344 /* Photos.plist */ = {isa = PBXFileReference; fileEncoding = 4; lastKnownFileType = text.plist.xml; path = Photos.plist; sourceTree = "<group>"; };
		7334EB2629B1D70400163344 /* AsyncOperation.swift */ = {isa = PBXFileReference; lastKnownFileType = sourcecode.swift; path = AsyncOperation.swift; sourceTree = "<group>"; };
		7334EB2829B1DA1400163344 /* DownloadImageOperation.swift */ = {isa = PBXFileReference; lastKnownFileType = sourcecode.swift; path = DownloadImageOperation.swift; sourceTree = "<group>"; };
		7334EB2B29B1DFE700163344 /* ImageRepositoryAbs.swift */ = {isa = PBXFileReference; lastKnownFileType = sourcecode.swift; path = ImageRepositoryAbs.swift; sourceTree = "<group>"; };
		7334EB2E29B1E00100163344 /* ImageRepository.swift */ = {isa = PBXFileReference; lastKnownFileType = sourcecode.swift; path = ImageRepository.swift; sourceTree = "<group>"; };
		7334EB3129B1E8EF00163344 /* DownloadImageUseCase.swift */ = {isa = PBXFileReference; lastKnownFileType = sourcecode.swift; path = DownloadImageUseCase.swift; sourceTree = "<group>"; };
		7334EB3329B1E8FC00163344 /* UseCase.swift */ = {isa = PBXFileReference; lastKnownFileType = sourcecode.swift; path = UseCase.swift; sourceTree = "<group>"; };
		7334EB3929B1ECBF00163344 /* DIContainer.swift */ = {isa = PBXFileReference; lastKnownFileType = sourcecode.swift; path = DIContainer.swift; sourceTree = "<group>"; };
		7334EB3B29B1EE3400163344 /* UseCaseProvider.swift */ = {isa = PBXFileReference; lastKnownFileType = sourcecode.swift; path = UseCaseProvider.swift; sourceTree = "<group>"; };
		7334EB3D29B1EEC300163344 /* UseCaseProviderAbs.swift */ = {isa = PBXFileReference; lastKnownFileType = sourcecode.swift; path = UseCaseProviderAbs.swift; sourceTree = "<group>"; };
		7334EB4129B1EFA200163344 /* RepositoryProvider.swift */ = {isa = PBXFileReference; lastKnownFileType = sourcecode.swift; path = RepositoryProvider.swift; sourceTree = "<group>"; };
		7334EB4329B1EFB200163344 /* RepositoryProviderAbs.swift */ = {isa = PBXFileReference; lastKnownFileType = sourcecode.swift; path = RepositoryProviderAbs.swift; sourceTree = "<group>"; };
		7334EB4729B1F2FA00163344 /* ImageTableViewController.swift */ = {isa = PBXFileReference; lastKnownFileType = sourcecode.swift; path = ImageTableViewController.swift; sourceTree = "<group>"; };
		7334EB4C29B1F33D00163344 /* ImageTableViewRootView.swift */ = {isa = PBXFileReference; lastKnownFileType = sourcecode.swift; path = ImageTableViewRootView.swift; sourceTree = "<group>"; };
		7349B83229B1F5A100401F41 /* ImageTableViewRootView.xib */ = {isa = PBXFileReference; lastKnownFileType = file.xib; path = ImageTableViewRootView.xib; sourceTree = "<group>"; };
		73D18ACA29B1F7CD00E46BC5 /* ImageCell.swift */ = {isa = PBXFileReference; lastKnownFileType = sourcecode.swift; path = ImageCell.swift; sourceTree = "<group>"; };
		73D18ACB29B1F7CD00E46BC5 /* ImageCell.xib */ = {isa = PBXFileReference; lastKnownFileType = file.xib; path = ImageCell.xib; sourceTree = "<group>"; };
		73D18AD029B1F89900E46BC5 /* ImageTableVM.swift */ = {isa = PBXFileReference; lastKnownFileType = sourcecode.swift; path = ImageTableVM.swift; sourceTree = "<group>"; };
		73D18AD229B1FA0B00E46BC5 /* DemoCleanArchitectureDepedencyContainer.swift */ = {isa = PBXFileReference; lastKnownFileType = sourcecode.swift; path = DemoCleanArchitectureDepedencyContainer.swift; sourceTree = "<group>"; };
/* End PBXFileReference section */

/* Begin PBXFrameworksBuildPhase section */
		7334EAE729B1D56C00163344 /* Frameworks */ = {
			isa = PBXFrameworksBuildPhase;
			buildActionMask = 2147483647;
			files = (
			);
			runOnlyForDeploymentPostprocessing = 0;
		};
		7334EAFD29B1D56C00163344 /* Frameworks */ = {
			isa = PBXFrameworksBuildPhase;
			buildActionMask = 2147483647;
			files = (
			);
			runOnlyForDeploymentPostprocessing = 0;
		};
		7334EB0729B1D56C00163344 /* Frameworks */ = {
			isa = PBXFrameworksBuildPhase;
			buildActionMask = 2147483647;
			files = (
			);
			runOnlyForDeploymentPostprocessing = 0;
		};
/* End PBXFrameworksBuildPhase section */

/* Begin PBXGroup section */
		186593B529B348BB00B21153 /* View */ = {
			isa = PBXGroup;
			children = (
				186593B629B348C000B21153 /* Animation */,
			);
			path = View;
			sourceTree = "<group>";
		};
		186593B629B348C000B21153 /* Animation */ = {
			isa = PBXGroup;
			children = (
				186593B729B348C900B21153 /* PopAnimator.swift */,
			);
			path = Animation;
			sourceTree = "<group>";
		};
		186593B929B34B6B00B21153 /* DetailImageViewController */ = {
			isa = PBXGroup;
			children = (
				186593BA29B34B8400B21153 /* ImageDetailViewController.swift */,
				186593BB29B34B8400B21153 /* ImageDetailViewController.xib */,
			);
			path = DetailImageViewController;
			sourceTree = "<group>";
		};
		186593BE29B34BFE00B21153 /* ImageDetailVM */ = {
			isa = PBXGroup;
			children = (
				186593BF29B34C0900B21153 /* ImageDetailVM.swift */,
			);
			path = ImageDetailVM;
			sourceTree = "<group>";
		};
		186593C129B352AE00B21153 /* ImageTblDependencyContainer */ = {
			isa = PBXGroup;
			children = (
				186593C229B352C900B21153 /* ImageTblDependencyContainer.swift */,
			);
			path = ImageTblDependencyContainer;
			sourceTree = "<group>";
		};
		186593C429B3549900B21153 /* ImageDetailDependencyContainer */ = {
			isa = PBXGroup;
			children = (
				186593C529B354AA00B21153 /* ImageDetailDependencyContainer.swift */,
			);
			path = ImageDetailDependencyContainer;
			sourceTree = "<group>";
		};
		186593C729B3575200B21153 /* Entity */ = {
			isa = PBXGroup;
			children = (
				186593C829B3575D00B21153 /* ImageDataEntity.swift */,
			);
			path = Entity;
			sourceTree = "<group>";
		};
		186593CA29B3576A00B21153 /* Mapper */ = {
			isa = PBXGroup;
			children = (
				186593CB29B3577200B21153 /* Mapper.swift */,
			);
			path = Mapper;
			sourceTree = "<group>";
		};
		186593CD29B357B400B21153 /* Model */ = {
			isa = PBXGroup;
			children = (
				186593CE29B357BD00B21153 /* ImageDataModel.swift */,
			);
			path = Model;
			sourceTree = "<group>";
		};
		7334EAE129B1D56C00163344 = {
			isa = PBXGroup;
			children = (
				7334EAEC29B1D56C00163344 /* DemoCleanArchiecture */,
				7334EB0329B1D56C00163344 /* DemoCleanArchiectureTests */,
				7334EB0D29B1D56C00163344 /* DemoCleanArchiectureUITests */,
				7334EAEB29B1D56C00163344 /* Products */,
			);
			sourceTree = "<group>";
		};
		7334EAEB29B1D56C00163344 /* Products */ = {
			isa = PBXGroup;
			children = (
				7334EAEA29B1D56C00163344 /* DemoCleanArchiecture.app */,
				7334EB0029B1D56C00163344 /* DemoCleanArchiectureTests.xctest */,
				7334EB0A29B1D56C00163344 /* DemoCleanArchiectureUITests.xctest */,
			);
			name = Products;
			sourceTree = "<group>";
		};
		7334EAEC29B1D56C00163344 /* DemoCleanArchiecture */ = {
			isa = PBXGroup;
			children = (
				7334EB3729B1EC9500163344 /* Manager */,
				7334EB2529B1D6D500163344 /* Resource */,
				7334EB2029B1D64600163344 /* Operation */,
				7334EB1F29B1D64100163344 /* Domain */,
				7334EB1E29B1D63900163344 /* Presentation */,
				7334EB1D29B1D62600163344 /* Data */,
				7334EAED29B1D56C00163344 /* AppDelegate.swift */,
				7334EAEF29B1D56C00163344 /* SceneDelegate.swift */,
				7334EAF329B1D56C00163344 /* Main.storyboard */,
				7334EAF829B1D56C00163344 /* LaunchScreen.storyboard */,
				7334EAFB29B1D56C00163344 /* Info.plist */,
			);
			path = DemoCleanArchiecture;
			sourceTree = "<group>";
		};
		7334EB0329B1D56C00163344 /* DemoCleanArchiectureTests */ = {
			isa = PBXGroup;
			children = (
				7334EB0429B1D56C00163344 /* DemoCleanArchiectureTests.swift */,
			);
			path = DemoCleanArchiectureTests;
			sourceTree = "<group>";
		};
		7334EB0D29B1D56C00163344 /* DemoCleanArchiectureUITests */ = {
			isa = PBXGroup;
			children = (
				7334EB0E29B1D56C00163344 /* DemoCleanArchiectureUITests.swift */,
				7334EB1029B1D56C00163344 /* DemoCleanArchiectureUITestsLaunchTests.swift */,
			);
			path = DemoCleanArchiectureUITests;
			sourceTree = "<group>";
		};
		7334EB1D29B1D62600163344 /* Data */ = {
			isa = PBXGroup;
			children = (
				186593C729B3575200B21153 /* Entity */,
				7334EB2D29B1DFF700163344 /* Repository */,
			);
			path = Data;
			sourceTree = "<group>";
		};
		7334EB1E29B1D63900163344 /* Presentation */ = {
			isa = PBXGroup;
			children = (
				186593B529B348BB00B21153 /* View */,
				73D18ACE29B1F88700E46BC5 /* ViewModel */,
				73D18AC929B1F7BD00E46BC5 /* Cell */,
				7334EB4529B1F2DB00163344 /* ViewController */,
			);
			path = Presentation;
			sourceTree = "<group>";
		};
		7334EB1F29B1D64100163344 /* Domain */ = {
			isa = PBXGroup;
			children = (
				186593CD29B357B400B21153 /* Model */,
				186593CA29B3576A00B21153 /* Mapper */,
				7334EB3029B1E8CF00163344 /* UseCase */,
				7334EB2A29B1DFD200163344 /* RepositoryAbs */,
			);
			path = Domain;
			sourceTree = "<group>";
		};
		7334EB2029B1D64600163344 /* Operation */ = {
			isa = PBXGroup;
			children = (
				7334EB2629B1D70400163344 /* AsyncOperation.swift */,
				7334EB2829B1DA1400163344 /* DownloadImageOperation.swift */,
			);
			path = Operation;
			sourceTree = "<group>";
		};
		7334EB2529B1D6D500163344 /* Resource */ = {
			isa = PBXGroup;
			children = (
				7334EAF629B1D56C00163344 /* Assets.xcassets */,
				7334EB2329B1D6D100163344 /* Photos.plist */,
			);
			path = Resource;
			sourceTree = "<group>";
		};
		7334EB2A29B1DFD200163344 /* RepositoryAbs */ = {
			isa = PBXGroup;
			children = (
				7334EB2B29B1DFE700163344 /* ImageRepositoryAbs.swift */,
			);
			path = RepositoryAbs;
			sourceTree = "<group>";
		};
		7334EB2D29B1DFF700163344 /* Repository */ = {
			isa = PBXGroup;
			children = (
				7334EB2E29B1E00100163344 /* ImageRepository.swift */,
			);
			path = Repository;
			sourceTree = "<group>";
		};
		7334EB3029B1E8CF00163344 /* UseCase */ = {
			isa = PBXGroup;
			children = (
				7334EB3129B1E8EF00163344 /* DownloadImageUseCase.swift */,
				7334EB3329B1E8FC00163344 /* UseCase.swift */,
			);
			path = UseCase;
			sourceTree = "<group>";
		};
		7334EB3729B1EC9500163344 /* Manager */ = {
			isa = PBXGroup;
			children = (
				7334EB3829B1EC9C00163344 /* Dependency */,
			);
			path = Manager;
			sourceTree = "<group>";
		};
		7334EB3829B1EC9C00163344 /* Dependency */ = {
			isa = PBXGroup;
			children = (
				186593C429B3549900B21153 /* ImageDetailDependencyContainer */,
				186593C129B352AE00B21153 /* ImageTblDependencyContainer */,
				7334EB4029B1EF6100163344 /* RepositoryProvider */,
				7334EB3F29B1EF5100163344 /* UseCaseProvider */,
				7334EB3929B1ECBF00163344 /* DIContainer.swift */,
				73D18AD229B1FA0B00E46BC5 /* DemoCleanArchitectureDepedencyContainer.swift */,
			);
			path = Dependency;
			sourceTree = "<group>";
		};
		7334EB3F29B1EF5100163344 /* UseCaseProvider */ = {
			isa = PBXGroup;
			children = (
				7334EB3B29B1EE3400163344 /* UseCaseProvider.swift */,
				7334EB3D29B1EEC300163344 /* UseCaseProviderAbs.swift */,
			);
			path = UseCaseProvider;
			sourceTree = "<group>";
		};
		7334EB4029B1EF6100163344 /* RepositoryProvider */ = {
			isa = PBXGroup;
			children = (
				7334EB4129B1EFA200163344 /* RepositoryProvider.swift */,
				7334EB4329B1EFB200163344 /* RepositoryProviderAbs.swift */,
			);
			path = RepositoryProvider;
			sourceTree = "<group>";
		};
		7334EB4529B1F2DB00163344 /* ViewController */ = {
			isa = PBXGroup;
			children = (
				186593B929B34B6B00B21153 /* DetailImageViewController */,
				7334EB4629B1F2E600163344 /* ImageTableViewController */,
			);
			path = ViewController;
			sourceTree = "<group>";
		};
		7334EB4629B1F2E600163344 /* ImageTableViewController */ = {
			isa = PBXGroup;
			children = (
				7334EB4929B1F2FE00163344 /* RootView */,
				7334EB4729B1F2FA00163344 /* ImageTableViewController.swift */,
			);
			path = ImageTableViewController;
			sourceTree = "<group>";
		};
		7334EB4929B1F2FE00163344 /* RootView */ = {
			isa = PBXGroup;
			children = (
				7334EB4C29B1F33D00163344 /* ImageTableViewRootView.swift */,
				7349B83229B1F5A100401F41 /* ImageTableViewRootView.xib */,
			);
			path = RootView;
			sourceTree = "<group>";
		};
		73D18AC929B1F7BD00E46BC5 /* Cell */ = {
			isa = PBXGroup;
			children = (
				73D18ACA29B1F7CD00E46BC5 /* ImageCell.swift */,
				73D18ACB29B1F7CD00E46BC5 /* ImageCell.xib */,
			);
			path = Cell;
			sourceTree = "<group>";
		};
		73D18ACE29B1F88700E46BC5 /* ViewModel */ = {
			isa = PBXGroup;
			children = (
				186593BE29B34BFE00B21153 /* ImageDetailVM */,
				73D18ACF29B1F88D00E46BC5 /* ImageTableVM */,
			);
			path = ViewModel;
			sourceTree = "<group>";
		};
		73D18ACF29B1F88D00E46BC5 /* ImageTableVM */ = {
			isa = PBXGroup;
			children = (
				73D18AD029B1F89900E46BC5 /* ImageTableVM.swift */,
			);
			path = ImageTableVM;
			sourceTree = "<group>";
		};
/* End PBXGroup section */

/* Begin PBXNativeTarget section */
		7334EAE929B1D56C00163344 /* DemoCleanArchiecture */ = {
			isa = PBXNativeTarget;
			buildConfigurationList = 7334EB1429B1D56C00163344 /* Build configuration list for PBXNativeTarget "DemoCleanArchiecture" */;
			buildPhases = (
				7334EAE629B1D56C00163344 /* Sources */,
				7334EAE729B1D56C00163344 /* Frameworks */,
				7334EAE829B1D56C00163344 /* Resources */,
			);
			buildRules = (
			);
			dependencies = (
			);
			name = DemoCleanArchiecture;
			productName = DemoCleanArchiecture;
			productReference = 7334EAEA29B1D56C00163344 /* DemoCleanArchiecture.app */;
			productType = "com.apple.product-type.application";
		};
		7334EAFF29B1D56C00163344 /* DemoCleanArchiectureTests */ = {
			isa = PBXNativeTarget;
			buildConfigurationList = 7334EB1729B1D56C00163344 /* Build configuration list for PBXNativeTarget "DemoCleanArchiectureTests" */;
			buildPhases = (
				7334EAFC29B1D56C00163344 /* Sources */,
				7334EAFD29B1D56C00163344 /* Frameworks */,
				7334EAFE29B1D56C00163344 /* Resources */,
			);
			buildRules = (
			);
			dependencies = (
				7334EB0229B1D56C00163344 /* PBXTargetDependency */,
			);
			name = DemoCleanArchiectureTests;
			productName = DemoCleanArchiectureTests;
			productReference = 7334EB0029B1D56C00163344 /* DemoCleanArchiectureTests.xctest */;
			productType = "com.apple.product-type.bundle.unit-test";
		};
		7334EB0929B1D56C00163344 /* DemoCleanArchiectureUITests */ = {
			isa = PBXNativeTarget;
			buildConfigurationList = 7334EB1A29B1D56C00163344 /* Build configuration list for PBXNativeTarget "DemoCleanArchiectureUITests" */;
			buildPhases = (
				7334EB0629B1D56C00163344 /* Sources */,
				7334EB0729B1D56C00163344 /* Frameworks */,
				7334EB0829B1D56C00163344 /* Resources */,
			);
			buildRules = (
			);
			dependencies = (
				7334EB0C29B1D56C00163344 /* PBXTargetDependency */,
			);
			name = DemoCleanArchiectureUITests;
			productName = DemoCleanArchiectureUITests;
			productReference = 7334EB0A29B1D56C00163344 /* DemoCleanArchiectureUITests.xctest */;
			productType = "com.apple.product-type.bundle.ui-testing";
		};
/* End PBXNativeTarget section */

/* Begin PBXProject section */
		7334EAE229B1D56C00163344 /* Project object */ = {
			isa = PBXProject;
			attributes = {
				BuildIndependentTargetsInParallel = 1;
				LastSwiftUpdateCheck = 1420;
				LastUpgradeCheck = 1420;
				TargetAttributes = {
					7334EAE929B1D56C00163344 = {
						CreatedOnToolsVersion = 14.2;
					};
					7334EAFF29B1D56C00163344 = {
						CreatedOnToolsVersion = 14.2;
						TestTargetID = 7334EAE929B1D56C00163344;
					};
					7334EB0929B1D56C00163344 = {
						CreatedOnToolsVersion = 14.2;
						TestTargetID = 7334EAE929B1D56C00163344;
					};
				};
			};
			buildConfigurationList = 7334EAE529B1D56C00163344 /* Build configuration list for PBXProject "DemoCleanArchiecture" */;
			compatibilityVersion = "Xcode 14.0";
			developmentRegion = en;
			hasScannedForEncodings = 0;
			knownRegions = (
				en,
				Base,
			);
			mainGroup = 7334EAE129B1D56C00163344;
			productRefGroup = 7334EAEB29B1D56C00163344 /* Products */;
			projectDirPath = "";
			projectRoot = "";
			targets = (
				7334EAE929B1D56C00163344 /* DemoCleanArchiecture */,
				7334EAFF29B1D56C00163344 /* DemoCleanArchiectureTests */,
				7334EB0929B1D56C00163344 /* DemoCleanArchiectureUITests */,
			);
		};
/* End PBXProject section */

/* Begin PBXResourcesBuildPhase section */
		7334EAE829B1D56C00163344 /* Resources */ = {
			isa = PBXResourcesBuildPhase;
			buildActionMask = 2147483647;
			files = (
				7334EAFA29B1D56C00163344 /* LaunchScreen.storyboard in Resources */,
				186593BD29B34B8400B21153 /* ImageDetailViewController.xib in Resources */,
				7334EAF729B1D56C00163344 /* Assets.xcassets in Resources */,
				7349B83329B1F5A100401F41 /* ImageTableViewRootView.xib in Resources */,
				73D18ACD29B1F7CD00E46BC5 /* ImageCell.xib in Resources */,
				7334EAF529B1D56C00163344 /* Main.storyboard in Resources */,
				7334EB2429B1D6D100163344 /* Photos.plist in Resources */,
			);
			runOnlyForDeploymentPostprocessing = 0;
		};
		7334EAFE29B1D56C00163344 /* Resources */ = {
			isa = PBXResourcesBuildPhase;
			buildActionMask = 2147483647;
			files = (
			);
			runOnlyForDeploymentPostprocessing = 0;
		};
		7334EB0829B1D56C00163344 /* Resources */ = {
			isa = PBXResourcesBuildPhase;
			buildActionMask = 2147483647;
			files = (
			);
			runOnlyForDeploymentPostprocessing = 0;
		};
/* End PBXResourcesBuildPhase section */

/* Begin PBXSourcesBuildPhase section */
		7334EAE629B1D56C00163344 /* Sources */ = {
			isa = PBXSourcesBuildPhase;
			buildActionMask = 2147483647;
			files = (
				7334EB2F29B1E00100163344 /* ImageRepository.swift in Sources */,
				7334EB4229B1EFA200163344 /* RepositoryProvider.swift in Sources */,
				7334EB3E29B1EEC300163344 /* UseCaseProviderAbs.swift in Sources */,
				7334EB3A29B1ECBF00163344 /* DIContainer.swift in Sources */,
				186593CC29B3577300B21153 /* Mapper.swift in Sources */,
				7334EB3C29B1EE3400163344 /* UseCaseProvider.swift in Sources */,
				73D18ACC29B1F7CD00E46BC5 /* ImageCell.swift in Sources */,
				7334EB3229B1E8EF00163344 /* DownloadImageUseCase.swift in Sources */,
				7334EB2C29B1DFE700163344 /* ImageRepositoryAbs.swift in Sources */,
				186593CF29B357BD00B21153 /* ImageDataModel.swift in Sources */,
				186593C029B34C0900B21153 /* ImageDetailVM.swift in Sources */,
				186593B829B348C900B21153 /* PopAnimator.swift in Sources */,
				186593C929B3575D00B21153 /* ImageDataEntity.swift in Sources */,
				73D18AD129B1F89900E46BC5 /* ImageTableVM.swift in Sources */,
				186593C629B354AA00B21153 /* ImageDetailDependencyContainer.swift in Sources */,
				186593C329B352C900B21153 /* ImageTblDependencyContainer.swift in Sources */,
				73D18AD329B1FA0B00E46BC5 /* DemoCleanArchitectureDepedencyContainer.swift in Sources */,
				7334EAEE29B1D56C00163344 /* AppDelegate.swift in Sources */,
				7334EB4429B1EFB200163344 /* RepositoryProviderAbs.swift in Sources */,
				7334EB4829B1F2FA00163344 /* ImageTableViewController.swift in Sources */,
				7334EB2929B1DA1400163344 /* DownloadImageOperation.swift in Sources */,
				7334EB4D29B1F33D00163344 /* ImageTableViewRootView.swift in Sources */,
				7334EB3429B1E8FC00163344 /* UseCase.swift in Sources */,
				7334EB2729B1D70400163344 /* AsyncOperation.swift in Sources */,
				7334EAF029B1D56C00163344 /* SceneDelegate.swift in Sources */,
				186593BC29B34B8400B21153 /* ImageDetailViewController.swift in Sources */,
			);
			runOnlyForDeploymentPostprocessing = 0;
		};
		7334EAFC29B1D56C00163344 /* Sources */ = {
			isa = PBXSourcesBuildPhase;
			buildActionMask = 2147483647;
			files = (
				7334EB0529B1D56C00163344 /* DemoCleanArchiectureTests.swift in Sources */,
			);
			runOnlyForDeploymentPostprocessing = 0;
		};
		7334EB0629B1D56C00163344 /* Sources */ = {
			isa = PBXSourcesBuildPhase;
			buildActionMask = 2147483647;
			files = (
				7334EB0F29B1D56C00163344 /* DemoCleanArchiectureUITests.swift in Sources */,
				7334EB1129B1D56C00163344 /* DemoCleanArchiectureUITestsLaunchTests.swift in Sources */,
			);
			runOnlyForDeploymentPostprocessing = 0;
		};
/* End PBXSourcesBuildPhase section */

/* Begin PBXTargetDependency section */
		7334EB0229B1D56C00163344 /* PBXTargetDependency */ = {
			isa = PBXTargetDependency;
			target = 7334EAE929B1D56C00163344 /* DemoCleanArchiecture */;
			targetProxy = 7334EB0129B1D56C00163344 /* PBXContainerItemProxy */;
		};
		7334EB0C29B1D56C00163344 /* PBXTargetDependency */ = {
			isa = PBXTargetDependency;
			target = 7334EAE929B1D56C00163344 /* DemoCleanArchiecture */;
			targetProxy = 7334EB0B29B1D56C00163344 /* PBXContainerItemProxy */;
		};
/* End PBXTargetDependency section */

/* Begin PBXVariantGroup section */
		7334EAF329B1D56C00163344 /* Main.storyboard */ = {
			isa = PBXVariantGroup;
			children = (
				7334EAF429B1D56C00163344 /* Base */,
			);
			name = Main.storyboard;
			sourceTree = "<group>";
		};
		7334EAF829B1D56C00163344 /* LaunchScreen.storyboard */ = {
			isa = PBXVariantGroup;
			children = (
				7334EAF929B1D56C00163344 /* Base */,
			);
			name = LaunchScreen.storyboard;
			sourceTree = "<group>";
		};
/* End PBXVariantGroup section */

/* Begin XCBuildConfiguration section */
		7334EB1229B1D56C00163344 /* Debug */ = {
			isa = XCBuildConfiguration;
			buildSettings = {
				ALWAYS_SEARCH_USER_PATHS = NO;
				CLANG_ANALYZER_NONNULL = YES;
				CLANG_ANALYZER_NUMBER_OBJECT_CONVERSION = YES_AGGRESSIVE;
				CLANG_CXX_LANGUAGE_STANDARD = "gnu++20";
				CLANG_ENABLE_MODULES = YES;
				CLANG_ENABLE_OBJC_ARC = YES;
				CLANG_ENABLE_OBJC_WEAK = YES;
				CLANG_WARN_BLOCK_CAPTURE_AUTORELEASING = YES;
				CLANG_WARN_BOOL_CONVERSION = YES;
				CLANG_WARN_COMMA = YES;
				CLANG_WARN_CONSTANT_CONVERSION = YES;
				CLANG_WARN_DEPRECATED_OBJC_IMPLEMENTATIONS = YES;
				CLANG_WARN_DIRECT_OBJC_ISA_USAGE = YES_ERROR;
				CLANG_WARN_DOCUMENTATION_COMMENTS = YES;
				CLANG_WARN_EMPTY_BODY = YES;
				CLANG_WARN_ENUM_CONVERSION = YES;
				CLANG_WARN_INFINITE_RECURSION = YES;
				CLANG_WARN_INT_CONVERSION = YES;
				CLANG_WARN_NON_LITERAL_NULL_CONVERSION = YES;
				CLANG_WARN_OBJC_IMPLICIT_RETAIN_SELF = YES;
				CLANG_WARN_OBJC_LITERAL_CONVERSION = YES;
				CLANG_WARN_OBJC_ROOT_CLASS = YES_ERROR;
				CLANG_WARN_QUOTED_INCLUDE_IN_FRAMEWORK_HEADER = YES;
				CLANG_WARN_RANGE_LOOP_ANALYSIS = YES;
				CLANG_WARN_STRICT_PROTOTYPES = YES;
				CLANG_WARN_SUSPICIOUS_MOVE = YES;
				CLANG_WARN_UNGUARDED_AVAILABILITY = YES_AGGRESSIVE;
				CLANG_WARN_UNREACHABLE_CODE = YES;
				CLANG_WARN__DUPLICATE_METHOD_MATCH = YES;
				COPY_PHASE_STRIP = NO;
				DEBUG_INFORMATION_FORMAT = dwarf;
				ENABLE_STRICT_OBJC_MSGSEND = YES;
				ENABLE_TESTABILITY = YES;
				GCC_C_LANGUAGE_STANDARD = gnu11;
				GCC_DYNAMIC_NO_PIC = NO;
				GCC_NO_COMMON_BLOCKS = YES;
				GCC_OPTIMIZATION_LEVEL = 0;
				GCC_PREPROCESSOR_DEFINITIONS = (
					"DEBUG=1",
					"$(inherited)",
				);
				GCC_WARN_64_TO_32_BIT_CONVERSION = YES;
				GCC_WARN_ABOUT_RETURN_TYPE = YES_ERROR;
				GCC_WARN_UNDECLARED_SELECTOR = YES;
				GCC_WARN_UNINITIALIZED_AUTOS = YES_AGGRESSIVE;
				GCC_WARN_UNUSED_FUNCTION = YES;
				GCC_WARN_UNUSED_VARIABLE = YES;
				IPHONEOS_DEPLOYMENT_TARGET = 13.0;
				MTL_ENABLE_DEBUG_INFO = INCLUDE_SOURCE;
				MTL_FAST_MATH = YES;
				ONLY_ACTIVE_ARCH = YES;
				SDKROOT = iphoneos;
				SWIFT_ACTIVE_COMPILATION_CONDITIONS = DEBUG;
				SWIFT_OPTIMIZATION_LEVEL = "-Onone";
			};
			name = Debug;
		};
		7334EB1329B1D56C00163344 /* Release */ = {
			isa = XCBuildConfiguration;
			buildSettings = {
				ALWAYS_SEARCH_USER_PATHS = NO;
				CLANG_ANALYZER_NONNULL = YES;
				CLANG_ANALYZER_NUMBER_OBJECT_CONVERSION = YES_AGGRESSIVE;
				CLANG_CXX_LANGUAGE_STANDARD = "gnu++20";
				CLANG_ENABLE_MODULES = YES;
				CLANG_ENABLE_OBJC_ARC = YES;
				CLANG_ENABLE_OBJC_WEAK = YES;
				CLANG_WARN_BLOCK_CAPTURE_AUTORELEASING = YES;
				CLANG_WARN_BOOL_CONVERSION = YES;
				CLANG_WARN_COMMA = YES;
				CLANG_WARN_CONSTANT_CONVERSION = YES;
				CLANG_WARN_DEPRECATED_OBJC_IMPLEMENTATIONS = YES;
				CLANG_WARN_DIRECT_OBJC_ISA_USAGE = YES_ERROR;
				CLANG_WARN_DOCUMENTATION_COMMENTS = YES;
				CLANG_WARN_EMPTY_BODY = YES;
				CLANG_WARN_ENUM_CONVERSION = YES;
				CLANG_WARN_INFINITE_RECURSION = YES;
				CLANG_WARN_INT_CONVERSION = YES;
				CLANG_WARN_NON_LITERAL_NULL_CONVERSION = YES;
				CLANG_WARN_OBJC_IMPLICIT_RETAIN_SELF = YES;
				CLANG_WARN_OBJC_LITERAL_CONVERSION = YES;
				CLANG_WARN_OBJC_ROOT_CLASS = YES_ERROR;
				CLANG_WARN_QUOTED_INCLUDE_IN_FRAMEWORK_HEADER = YES;
				CLANG_WARN_RANGE_LOOP_ANALYSIS = YES;
				CLANG_WARN_STRICT_PROTOTYPES = YES;
				CLANG_WARN_SUSPICIOUS_MOVE = YES;
				CLANG_WARN_UNGUARDED_AVAILABILITY = YES_AGGRESSIVE;
				CLANG_WARN_UNREACHABLE_CODE = YES;
				CLANG_WARN__DUPLICATE_METHOD_MATCH = YES;
				COPY_PHASE_STRIP = NO;
				DEBUG_INFORMATION_FORMAT = "dwarf-with-dsym";
				ENABLE_NS_ASSERTIONS = NO;
				ENABLE_STRICT_OBJC_MSGSEND = YES;
				GCC_C_LANGUAGE_STANDARD = gnu11;
				GCC_NO_COMMON_BLOCKS = YES;
				GCC_WARN_64_TO_32_BIT_CONVERSION = YES;
				GCC_WARN_ABOUT_RETURN_TYPE = YES_ERROR;
				GCC_WARN_UNDECLARED_SELECTOR = YES;
				GCC_WARN_UNINITIALIZED_AUTOS = YES_AGGRESSIVE;
				GCC_WARN_UNUSED_FUNCTION = YES;
				GCC_WARN_UNUSED_VARIABLE = YES;
				IPHONEOS_DEPLOYMENT_TARGET = 13.0;
				MTL_ENABLE_DEBUG_INFO = NO;
				MTL_FAST_MATH = YES;
				SDKROOT = iphoneos;
				SWIFT_COMPILATION_MODE = wholemodule;
				SWIFT_OPTIMIZATION_LEVEL = "-O";
				VALIDATE_PRODUCT = YES;
			};
			name = Release;
		};
		7334EB1529B1D56C00163344 /* Debug */ = {
			isa = XCBuildConfiguration;
			buildSettings = {
				ASSETCATALOG_COMPILER_APPICON_NAME = AppIcon;
				ASSETCATALOG_COMPILER_GLOBAL_ACCENT_COLOR_NAME = AccentColor;
				CODE_SIGN_STYLE = Automatic;
				CURRENT_PROJECT_VERSION = 1;
				DEVELOPMENT_TEAM = 2D99AJ5KUG;
				GENERATE_INFOPLIST_FILE = YES;
				INFOPLIST_FILE = DemoCleanArchiecture/Info.plist;
				INFOPLIST_KEY_UIApplicationSupportsIndirectInputEvents = YES;
				INFOPLIST_KEY_UILaunchStoryboardName = LaunchScreen;
				INFOPLIST_KEY_UIMainStoryboardFile = Main;
				INFOPLIST_KEY_UISupportedInterfaceOrientations_iPad = "UIInterfaceOrientationPortrait UIInterfaceOrientationPortraitUpsideDown UIInterfaceOrientationLandscapeLeft UIInterfaceOrientationLandscapeRight";
				INFOPLIST_KEY_UISupportedInterfaceOrientations_iPhone = "UIInterfaceOrientationPortrait UIInterfaceOrientationLandscapeLeft UIInterfaceOrientationLandscapeRight";
				LD_RUNPATH_SEARCH_PATHS = (
					"$(inherited)",
					"@executable_path/Frameworks",
				);
				MARKETING_VERSION = 1.0;
				PRODUCT_BUNDLE_IDENTIFIER = com.duongcn.DemoCleanArchiecture;
				PRODUCT_NAME = "$(TARGET_NAME)";
				SWIFT_EMIT_LOC_STRINGS = YES;
				SWIFT_VERSION = 5.0;
				TARGETED_DEVICE_FAMILY = "1,2";
			};
			name = Debug;
		};
		7334EB1629B1D56C00163344 /* Release */ = {
			isa = XCBuildConfiguration;
			buildSettings = {
				ASSETCATALOG_COMPILER_APPICON_NAME = AppIcon;
				ASSETCATALOG_COMPILER_GLOBAL_ACCENT_COLOR_NAME = AccentColor;
				CODE_SIGN_STYLE = Automatic;
				CURRENT_PROJECT_VERSION = 1;
				DEVELOPMENT_TEAM = 2D99AJ5KUG;
				GENERATE_INFOPLIST_FILE = YES;
				INFOPLIST_FILE = DemoCleanArchiecture/Info.plist;
				INFOPLIST_KEY_UIApplicationSupportsIndirectInputEvents = YES;
				INFOPLIST_KEY_UILaunchStoryboardName = LaunchScreen;
				INFOPLIST_KEY_UIMainStoryboardFile = Main;
				INFOPLIST_KEY_UISupportedInterfaceOrientations_iPad = "UIInterfaceOrientationPortrait UIInterfaceOrientationPortraitUpsideDown UIInterfaceOrientationLandscapeLeft UIInterfaceOrientationLandscapeRight";
				INFOPLIST_KEY_UISupportedInterfaceOrientations_iPhone = "UIInterfaceOrientationPortrait UIInterfaceOrientationLandscapeLeft UIInterfaceOrientationLandscapeRight";
				LD_RUNPATH_SEARCH_PATHS = (
					"$(inherited)",
					"@executable_path/Frameworks",
				);
				MARKETING_VERSION = 1.0;
				PRODUCT_BUNDLE_IDENTIFIER = com.duongcn.DemoCleanArchiecture;
				PRODUCT_NAME = "$(TARGET_NAME)";
				SWIFT_EMIT_LOC_STRINGS = YES;
				SWIFT_VERSION = 5.0;
				TARGETED_DEVICE_FAMILY = "1,2";
			};
			name = Release;
		};
		7334EB1829B1D56C00163344 /* Debug */ = {
			isa = XCBuildConfiguration;
			buildSettings = {
				ALWAYS_EMBED_SWIFT_STANDARD_LIBRARIES = YES;
				BUNDLE_LOADER = "$(TEST_HOST)";
				CODE_SIGN_STYLE = Automatic;
				CURRENT_PROJECT_VERSION = 1;
				DEVELOPMENT_TEAM = 2D99AJ5KUG;
				GENERATE_INFOPLIST_FILE = YES;
				IPHONEOS_DEPLOYMENT_TARGET = 16.2;
				MARKETING_VERSION = 1.0;
				PRODUCT_BUNDLE_IDENTIFIER = com.duongcn.DemoCleanArchiectureTests;
				PRODUCT_NAME = "$(TARGET_NAME)";
				SWIFT_EMIT_LOC_STRINGS = NO;
				SWIFT_VERSION = 5.0;
				TARGETED_DEVICE_FAMILY = "1,2";
				TEST_HOST = "$(BUILT_PRODUCTS_DIR)/DemoCleanArchiecture.app/$(BUNDLE_EXECUTABLE_FOLDER_PATH)/DemoCleanArchiecture";
			};
			name = Debug;
		};
		7334EB1929B1D56C00163344 /* Release */ = {
			isa = XCBuildConfiguration;
			buildSettings = {
				ALWAYS_EMBED_SWIFT_STANDARD_LIBRARIES = YES;
				BUNDLE_LOADER = "$(TEST_HOST)";
				CODE_SIGN_STYLE = Automatic;
				CURRENT_PROJECT_VERSION = 1;
				DEVELOPMENT_TEAM = 2D99AJ5KUG;
				GENERATE_INFOPLIST_FILE = YES;
				IPHONEOS_DEPLOYMENT_TARGET = 16.2;
				MARKETING_VERSION = 1.0;
				PRODUCT_BUNDLE_IDENTIFIER = com.duongcn.DemoCleanArchiectureTests;
				PRODUCT_NAME = "$(TARGET_NAME)";
				SWIFT_EMIT_LOC_STRINGS = NO;
				SWIFT_VERSION = 5.0;
				TARGETED_DEVICE_FAMILY = "1,2";
				TEST_HOST = "$(BUILT_PRODUCTS_DIR)/DemoCleanArchiecture.app/$(BUNDLE_EXECUTABLE_FOLDER_PATH)/DemoCleanArchiecture";
			};
			name = Release;
		};
		7334EB1B29B1D56C00163344 /* Debug */ = {
			isa = XCBuildConfiguration;
			buildSettings = {
				ALWAYS_EMBED_SWIFT_STANDARD_LIBRARIES = YES;
				CODE_SIGN_STYLE = Automatic;
				CURRENT_PROJECT_VERSION = 1;
				DEVELOPMENT_TEAM = 2D99AJ5KUG;
				GENERATE_INFOPLIST_FILE = YES;
				MARKETING_VERSION = 1.0;
				PRODUCT_BUNDLE_IDENTIFIER = com.duongcn.DemoCleanArchiectureUITests;
				PRODUCT_NAME = "$(TARGET_NAME)";
				SWIFT_EMIT_LOC_STRINGS = NO;
				SWIFT_VERSION = 5.0;
				TARGETED_DEVICE_FAMILY = "1,2";
				TEST_TARGET_NAME = DemoCleanArchiecture;
			};
			name = Debug;
		};
		7334EB1C29B1D56C00163344 /* Release */ = {
			isa = XCBuildConfiguration;
			buildSettings = {
				ALWAYS_EMBED_SWIFT_STANDARD_LIBRARIES = YES;
				CODE_SIGN_STYLE = Automatic;
				CURRENT_PROJECT_VERSION = 1;
				DEVELOPMENT_TEAM = 2D99AJ5KUG;
				GENERATE_INFOPLIST_FILE = YES;
				MARKETING_VERSION = 1.0;
				PRODUCT_BUNDLE_IDENTIFIER = com.duongcn.DemoCleanArchiectureUITests;
				PRODUCT_NAME = "$(TARGET_NAME)";
				SWIFT_EMIT_LOC_STRINGS = NO;
				SWIFT_VERSION = 5.0;
				TARGETED_DEVICE_FAMILY = "1,2";
				TEST_TARGET_NAME = DemoCleanArchiecture;
			};
			name = Release;
		};
/* End XCBuildConfiguration section */

/* Begin XCConfigurationList section */
		7334EAE529B1D56C00163344 /* Build configuration list for PBXProject "DemoCleanArchiecture" */ = {
			isa = XCConfigurationList;
			buildConfigurations = (
				7334EB1229B1D56C00163344 /* Debug */,
				7334EB1329B1D56C00163344 /* Release */,
			);
			defaultConfigurationIsVisible = 0;
			defaultConfigurationName = Release;
		};
		7334EB1429B1D56C00163344 /* Build configuration list for PBXNativeTarget "DemoCleanArchiecture" */ = {
			isa = XCConfigurationList;
			buildConfigurations = (
				7334EB1529B1D56C00163344 /* Debug */,
				7334EB1629B1D56C00163344 /* Release */,
			);
			defaultConfigurationIsVisible = 0;
			defaultConfigurationName = Release;
		};
		7334EB1729B1D56C00163344 /* Build configuration list for PBXNativeTarget "DemoCleanArchiectureTests" */ = {
			isa = XCConfigurationList;
			buildConfigurations = (
				7334EB1829B1D56C00163344 /* Debug */,
				7334EB1929B1D56C00163344 /* Release */,
			);
			defaultConfigurationIsVisible = 0;
			defaultConfigurationName = Release;
		};
		7334EB1A29B1D56C00163344 /* Build configuration list for PBXNativeTarget "DemoCleanArchiectureUITests" */ = {
			isa = XCConfigurationList;
			buildConfigurations = (
				7334EB1B29B1D56C00163344 /* Debug */,
				7334EB1C29B1D56C00163344 /* Release */,
			);
			defaultConfigurationIsVisible = 0;
			defaultConfigurationName = Release;
		};
/* End XCConfigurationList section */
	};
	rootObject = 7334EAE229B1D56C00163344 /* Project object */;
}
